
Microsoft Visual Studio Solution File, Format Version 12.00
# Visual Studio Version 17
VisualStudioVersion = 17.8.34525.116
MinimumVisualStudioVersion = 10.0.40219.1
Project("{FAE04EC0-301F-11D3-BF4B-00C04F79EFBC}") = "custom_authorization_-filter", "custom_authorization_-filter\custom_authorization_-filter.csproj", "{8E97780A-B1FD-4CA8-90E2-7EBCA0EC2494}"
EndProject
Global
	GlobalSection(SolutionConfigurationPlatforms) = preSolution
		Debug|Any CPU = Debug|Any CPU
		Release|Any CPU = Release|Any CPU
	EndGlobalSection
	GlobalSection(ProjectConfigurationPlatforms) = postSolution
		{8E97780A-B1FD-4CA8-90E2-7EBCA0EC2494}.Debug|Any CPU.ActiveCfg = Debug|Any CPU
		{8E97780A-B1FD-4CA8-90E2-7EBCA0EC2494}.Debug|Any CPU.Build.0 = Debug|Any CPU
		{8E97780A-B1FD-4CA8-90E2-7EBCA0EC2494}.Release|Any CPU.ActiveCfg = Release|Any CPU
		{8E97780A-B1FD-4CA8-90E2-7EBCA0EC2494}.Release|Any CPU.Build.0 = Release|Any CPU
	EndGlobalSection
	GlobalSection(SolutionProperties) = preSolution
		HideSolutionNode = FALSE
	EndGlobalSection
	GlobalSection(ExtensibilityGlobals) = postSolution
		SolutionGuid = {9A50F1A1-0EC8-4ED1-B778-9807472105B1}
	EndGlobalSection
EndGlobal
