
Microsoft Visual Studio Solution File, Format Version 12.00
# Visual Studio Version 17
VisualStudioVersion = 17.8.34330.188
MinimumVisualStudioVersion = 10.0.40219.1
Project("{FAE04EC0-301F-11D3-BF4B-00C04F79EFBC}") = "intrger num", "intrger num\intrger num.csproj", "{DDBCF1C3-DB40-478F-B36B-2A79AE380DB1}"
EndProject
Global
	GlobalSection(SolutionConfigurationPlatforms) = preSolution
		Debug|Any CPU = Debug|Any CPU
		Release|Any CPU = Release|Any CPU
	EndGlobalSection
	GlobalSection(ProjectConfigurationPlatforms) = postSolution
		{DDBCF1C3-DB40-478F-B36B-2A79AE380DB1}.Debug|Any CPU.ActiveCfg = Debug|Any CPU
		{DDBCF1C3-DB40-478F-B36B-2A79AE380DB1}.Debug|Any CPU.Build.0 = Debug|Any CPU
		{DDBCF1C3-DB40-478F-B36B-2A79AE380DB1}.Release|Any CPU.ActiveCfg = Release|Any CPU
		{DDBCF1C3-DB40-478F-B36B-2A79AE380DB1}.Release|Any CPU.Build.0 = Release|Any CPU
	EndGlobalSection
	GlobalSection(SolutionProperties) = preSolution
		HideSolutionNode = FALSE
	EndGlobalSection
	GlobalSection(ExtensibilityGlobals) = postSolution
		SolutionGuid = {C39B5DFB-F668-43CA-BA2C-3576D9107A94}
	EndGlobalSection
EndGlobal
