
Microsoft Visual Studio Solution File, Format Version 12.00
# Visual Studio Version 17
VisualStudioVersion = 17.8.34330.188
MinimumVisualStudioVersion = 10.0.40219.1
Project("{FAE04EC0-301F-11D3-BF4B-00C04F79EFBC}") = "ActionReturnType", "ActionReturnType\ActionReturnType.csproj", "{B6D01078-13A0-40D4-9355-4E75BB18B894}"
EndProject
Global
	GlobalSection(SolutionConfigurationPlatforms) = preSolution
		Debug|Any CPU = Debug|Any CPU
		Release|Any CPU = Release|Any CPU
	EndGlobalSection
	GlobalSection(ProjectConfigurationPlatforms) = postSolution
		{B6D01078-13A0-40D4-9355-4E75BB18B894}.Debug|Any CPU.ActiveCfg = Debug|Any CPU
		{B6D01078-13A0-40D4-9355-4E75BB18B894}.Debug|Any CPU.Build.0 = Debug|Any CPU
		{B6D01078-13A0-40D4-9355-4E75BB18B894}.Release|Any CPU.ActiveCfg = Release|Any CPU
		{B6D01078-13A0-40D4-9355-4E75BB18B894}.Release|Any CPU.Build.0 = Release|Any CPU
	EndGlobalSection
	GlobalSection(SolutionProperties) = preSolution
		HideSolutionNode = FALSE
	EndGlobalSection
	GlobalSection(ExtensibilityGlobals) = postSolution
		SolutionGuid = {03F85F3D-38DE-49C1-B198-78E487A3E6D1}
	EndGlobalSection
EndGlobal
