
Microsoft Visual Studio Solution File, Format Version 12.00
# Visual Studio Version 17
VisualStudioVersion = 17.8.34330.188
MinimumVisualStudioVersion = 10.0.40219.1
Project("{FAE04EC0-301F-11D3-BF4B-00C04F79EFBC}") = "firstapplication_demo", "firstapplication_demo\firstapplication_demo.csproj", "{BC7D3B56-73D2-4A34-A3A2-2BCEED5834AE}"
EndProject
Global
	GlobalSection(SolutionConfigurationPlatforms) = preSolution
		Debug|Any CPU = Debug|Any CPU
		Release|Any CPU = Release|Any CPU
	EndGlobalSection
	GlobalSection(ProjectConfigurationPlatforms) = postSolution
		{BC7D3B56-73D2-4A34-A3A2-2BCEED5834AE}.Debug|Any CPU.ActiveCfg = Debug|Any CPU
		{BC7D3B56-73D2-4A34-A3A2-2BCEED5834AE}.Debug|Any CPU.Build.0 = Debug|Any CPU
		{BC7D3B56-73D2-4A34-A3A2-2BCEED5834AE}.Release|Any CPU.ActiveCfg = Release|Any CPU
		{BC7D3B56-73D2-4A34-A3A2-2BCEED5834AE}.Release|Any CPU.Build.0 = Release|Any CPU
	EndGlobalSection
	GlobalSection(SolutionProperties) = preSolution
		HideSolutionNode = FALSE
	EndGlobalSection
	GlobalSection(ExtensibilityGlobals) = postSolution
		SolutionGuid = {9B8E2A57-D162-4613-B35F-6B581454F5D9}
	EndGlobalSection
EndGlobal
