
Microsoft Visual Studio Solution File, Format Version 12.00
# Visual Studio Version 17
VisualStudioVersion = 17.8.34330.188
MinimumVisualStudioVersion = 10.0.40219.1
Project("{FAE04EC0-301F-11D3-BF4B-00C04F79EFBC}") = "view_action_return_type", "view_action_return_type\view_action_return_type.csproj", "{FEED24A3-F0C7-44AA-AD7F-34799473AF6E}"
EndProject
Global
	GlobalSection(SolutionConfigurationPlatforms) = preSolution
		Debug|Any CPU = Debug|Any CPU
		Release|Any CPU = Release|Any CPU
	EndGlobalSection
	GlobalSection(ProjectConfigurationPlatforms) = postSolution
		{FEED24A3-F0C7-44AA-AD7F-34799473AF6E}.Debug|Any CPU.ActiveCfg = Debug|Any CPU
		{FEED24A3-F0C7-44AA-AD7F-34799473AF6E}.Debug|Any CPU.Build.0 = Debug|Any CPU
		{FEED24A3-F0C7-44AA-AD7F-34799473AF6E}.Release|Any CPU.ActiveCfg = Release|Any CPU
		{FEED24A3-F0C7-44AA-AD7F-34799473AF6E}.Release|Any CPU.Build.0 = Release|Any CPU
	EndGlobalSection
	GlobalSection(SolutionProperties) = preSolution
		HideSolutionNode = FALSE
	EndGlobalSection
	GlobalSection(ExtensibilityGlobals) = postSolution
		SolutionGuid = {39FFA951-6902-4486-8668-EBF3C66016BB}
	EndGlobalSection
EndGlobal
