
Microsoft Visual Studio Solution File, Format Version 12.00
# Visual Studio Version 17
VisualStudioVersion = 17.8.34330.188
MinimumVisualStudioVersion = 10.0.40219.1
Project("{FAE04EC0-301F-11D3-BF4B-00C04F79EFBC}") = "first_application", "first_application\first_application.csproj", "{CD7B375C-EB44-4BC8-BD9F-FB13E7E8ADB8}"
EndProject
Global
	GlobalSection(SolutionConfigurationPlatforms) = preSolution
		Debug|Any CPU = Debug|Any CPU
		Release|Any CPU = Release|Any CPU
	EndGlobalSection
	GlobalSection(ProjectConfigurationPlatforms) = postSolution
		{CD7B375C-EB44-4BC8-BD9F-FB13E7E8ADB8}.Debug|Any CPU.ActiveCfg = Debug|Any CPU
		{CD7B375C-EB44-4BC8-BD9F-FB13E7E8ADB8}.Debug|Any CPU.Build.0 = Debug|Any CPU
		{CD7B375C-EB44-4BC8-BD9F-FB13E7E8ADB8}.Release|Any CPU.ActiveCfg = Release|Any CPU
		{CD7B375C-EB44-4BC8-BD9F-FB13E7E8ADB8}.Release|Any CPU.Build.0 = Release|Any CPU
	EndGlobalSection
	GlobalSection(SolutionProperties) = preSolution
		HideSolutionNode = FALSE
	EndGlobalSection
	GlobalSection(ExtensibilityGlobals) = postSolution
		SolutionGuid = {93EE76E2-0A59-46A0-B1E0-E30B192616C8}
	EndGlobalSection
EndGlobal
