
Microsoft Visual Studio Solution File, Format Version 12.00
# Visual Studio Version 17
VisualStudioVersion = 17.8.34525.116
MinimumVisualStudioVersion = 10.0.40219.1
Project("{FAE04EC0-301F-11D3-BF4B-00C04F79EFBC}") = "Child_Action_Calls", "Child_Action_Calls\Child_Action_Calls.csproj", "{689C9D77-A919-4B6B-A511-7F651CFEFEFE}"
EndProject
Global
	GlobalSection(SolutionConfigurationPlatforms) = preSolution
		Debug|Any CPU = Debug|Any CPU
		Release|Any CPU = Release|Any CPU
	EndGlobalSection
	GlobalSection(ProjectConfigurationPlatforms) = postSolution
		{689C9D77-A919-4B6B-A511-7F651CFEFEFE}.Debug|Any CPU.ActiveCfg = Debug|Any CPU
		{689C9D77-A919-4B6B-A511-7F651CFEFEFE}.Debug|Any CPU.Build.0 = Debug|Any CPU
		{689C9D77-A919-4B6B-A511-7F651CFEFEFE}.Release|Any CPU.ActiveCfg = Release|Any CPU
		{689C9D77-A919-4B6B-A511-7F651CFEFEFE}.Release|Any CPU.Build.0 = Release|Any CPU
	EndGlobalSection
	GlobalSection(SolutionProperties) = preSolution
		HideSolutionNode = FALSE
	EndGlobalSection
	GlobalSection(ExtensibilityGlobals) = postSolution
		SolutionGuid = {C96B4175-1AFB-448E-A785-F59E72BC98F2}
	EndGlobalSection
EndGlobal
