
Microsoft Visual Studio Solution File, Format Version 12.00
# Visual Studio Version 17
VisualStudioVersion = 17.8.34330.188
MinimumVisualStudioVersion = 10.0.40219.1
Project("{FAE04EC0-301F-11D3-BF4B-00C04F79EFBC}") = "customactionfilter", "customactionfilter\customactionfilter.csproj", "{20A98AF1-6E62-4670-98C4-48F83FBEEEE8}"
EndProject
Global
	GlobalSection(SolutionConfigurationPlatforms) = preSolution
		Debug|Any CPU = Debug|Any CPU
		Release|Any CPU = Release|Any CPU
	EndGlobalSection
	GlobalSection(ProjectConfigurationPlatforms) = postSolution
		{20A98AF1-6E62-4670-98C4-48F83FBEEEE8}.Debug|Any CPU.ActiveCfg = Debug|Any CPU
		{20A98AF1-6E62-4670-98C4-48F83FBEEEE8}.Debug|Any CPU.Build.0 = Debug|Any CPU
		{20A98AF1-6E62-4670-98C4-48F83FBEEEE8}.Release|Any CPU.ActiveCfg = Release|Any CPU
		{20A98AF1-6E62-4670-98C4-48F83FBEEEE8}.Release|Any CPU.Build.0 = Release|Any CPU
	EndGlobalSection
	GlobalSection(SolutionProperties) = preSolution
		HideSolutionNode = FALSE
	EndGlobalSection
	GlobalSection(ExtensibilityGlobals) = postSolution
		SolutionGuid = {8F97B7F0-4B55-4E15-B492-637B70575703}
	EndGlobalSection
EndGlobal
